// !$*UTF8*$!
{
	archiveVersion = 1;
	classes = {
	};
	objectVersion = 50;
	objects = {

/* Begin PBXBuildFile section */
		2404D82427046B40006883F8 /* Interface.storyboard in Resources */ = {isa = PBXBuildFile; fileRef = 2404D82227046B40006883F8 /* Interface.storyboard */; };
		2404D82627046B46006883F8 /* Assets.xcassets in Resources */ = {isa = PBXBuildFile; fileRef = 2404D82527046B46006883F8 /* Assets.xcassets */; };
		2404D82C27046B46006883F8 /* NatureRemoAnalyticsForWatch Extension.appex in Embed App Extensions */ = {isa = PBXBuildFile; fileRef = 2404D82B27046B46006883F8 /* NatureRemoAnalyticsForWatch Extension.appex */; settings = {ATTRIBUTES = (RemoveHeadersOnCopy, ); }; };
		2404D83127046B46006883F8 /* InterfaceController.swift in Sources */ = {isa = PBXBuildFile; fileRef = 2404D83027046B46006883F8 /* InterfaceController.swift */; };
		2404D83327046B46006883F8 /* ExtensionDelegate.swift in Sources */ = {isa = PBXBuildFile; fileRef = 2404D83227046B46006883F8 /* ExtensionDelegate.swift */; };
		2404D83527046B46006883F8 /* NotificationController.swift in Sources */ = {isa = PBXBuildFile; fileRef = 2404D83427046B46006883F8 /* NotificationController.swift */; };
		2404D83727046B46006883F8 /* ComplicationController.swift in Sources */ = {isa = PBXBuildFile; fileRef = 2404D83627046B46006883F8 /* ComplicationController.swift */; };
		2404D83927046B48006883F8 /* Assets.xcassets in Resources */ = {isa = PBXBuildFile; fileRef = 2404D83827046B48006883F8 /* Assets.xcassets */; };
		2404D83E27046B48006883F8 /* NatureRemoAnalyticsForWatch.app in Embed Watch Content */ = {isa = PBXBuildFile; fileRef = 2404D82027046B40006883F8 /* NatureRemoAnalyticsForWatch.app */; settings = {ATTRIBUTES = (RemoveHeadersOnCopy, ); }; };
		248B096824DE63D6005EA673 /* AppDelegate.swift in Sources */ = {isa = PBXBuildFile; fileRef = 248B096724DE63D6005EA673 /* AppDelegate.swift */; };
		248B096A24DE63D6005EA673 /* SceneDelegate.swift in Sources */ = {isa = PBXBuildFile; fileRef = 248B096924DE63D6005EA673 /* SceneDelegate.swift */; };
		248B096C24DE63D6005EA673 /* ViewController.swift in Sources */ = {isa = PBXBuildFile; fileRef = 248B096B24DE63D6005EA673 /* ViewController.swift */; };
		248B096F24DE63D6005EA673 /* Main.storyboard in Resources */ = {isa = PBXBuildFile; fileRef = 248B096D24DE63D6005EA673 /* Main.storyboard */; };
		248B097124DE63DA005EA673 /* Assets.xcassets in Resources */ = {isa = PBXBuildFile; fileRef = 248B097024DE63DA005EA673 /* Assets.xcassets */; };
		248B097424DE63DA005EA673 /* LaunchScreen.storyboard in Resources */ = {isa = PBXBuildFile; fileRef = 248B097224DE63DA005EA673 /* LaunchScreen.storyboard */; };
		248B097F24DE63DB005EA673 /* NatureRemoAnalyticsTests.swift in Sources */ = {isa = PBXBuildFile; fileRef = 248B097E24DE63DB005EA673 /* NatureRemoAnalyticsTests.swift */; };
		248B098A24DE63DB005EA673 /* NatureRemoAnalyticsUITests.swift in Sources */ = {isa = PBXBuildFile; fileRef = 248B098924DE63DB005EA673 /* NatureRemoAnalyticsUITests.swift */; };
		248B099824DE89E0005EA673 /* Response.swift in Sources */ = {isa = PBXBuildFile; fileRef = 248B099724DE89E0005EA673 /* Response.swift */; };
		249434D728095E1000D1C4D4 /* APIKey.swift in Sources */ = {isa = PBXBuildFile; fileRef = 249434D628095E1000D1C4D4 /* APIKey.swift */; };
		249434D928095E5200D1C4D4 /* Downloader.swift in Sources */ = {isa = PBXBuildFile; fileRef = 249434D828095E5200D1C4D4 /* Downloader.swift */; };
		24C22AF124DEE4840023744B /* WidgetKit.framework in Frameworks */ = {isa = PBXBuildFile; fileRef = 24C22AF024DEE4840023744B /* WidgetKit.framework */; };
		24C22AF324DEE4840023744B /* SwiftUI.framework in Frameworks */ = {isa = PBXBuildFile; fileRef = 24C22AF224DEE4840023744B /* SwiftUI.framework */; };
		24C22AF624DEE4840023744B /* NatureRemoWidget.swift in Sources */ = {isa = PBXBuildFile; fileRef = 24C22AF524DEE4840023744B /* NatureRemoWidget.swift */; };
		24C22AF924DEE48A0023744B /* Assets.xcassets in Resources */ = {isa = PBXBuildFile; fileRef = 24C22AF824DEE48A0023744B /* Assets.xcassets */; };
		24C22AFB24DEE48A0023744B /* NatureRemoWidget.intentdefinition in Sources */ = {isa = PBXBuildFile; fileRef = 24C22AF724DEE4840023744B /* NatureRemoWidget.intentdefinition */; };
		24C22AFC24DEE48A0023744B /* NatureRemoWidget.intentdefinition in Sources */ = {isa = PBXBuildFile; fileRef = 24C22AF724DEE4840023744B /* NatureRemoWidget.intentdefinition */; };
		24C22AFF24DEE48A0023744B /* NatureRemoWidgetExtension.appex in Embed App Extensions */ = {isa = PBXBuildFile; fileRef = 24C22AEE24DEE4840023744B /* NatureRemoWidgetExtension.appex */; settings = {ATTRIBUTES = (RemoveHeadersOnCopy, ); }; };
		24ECCBD32543277000B13143 /* Weather.swift in Sources */ = {isa = PBXBuildFile; fileRef = 24ECCBD22543277000B13143 /* Weather.swift */; };
/* End PBXBuildFile section */

/* Begin PBXContainerItemProxy section */
		2404D82D27046B46006883F8 /* PBXContainerItemProxy */ = {
			isa = PBXContainerItemProxy;
			containerPortal = 248B095C24DE63D6005EA673 /* Project object */;
			proxyType = 1;
			remoteGlobalIDString = 2404D82A27046B46006883F8;
			remoteInfo = "NatureRemoAnalyticsForWatch Extension";
		};
		2404D83C27046B48006883F8 /* PBXContainerItemProxy */ = {
			isa = PBXContainerItemProxy;
			containerPortal = 248B095C24DE63D6005EA673 /* Project object */;
			proxyType = 1;
			remoteGlobalIDString = 2404D81F27046B40006883F8;
			remoteInfo = NatureRemoAnalyticsForWatch;
		};
		248B097B24DE63DB005EA673 /* PBXContainerItemProxy */ = {
			isa = PBXContainerItemProxy;
			containerPortal = 248B095C24DE63D6005EA673 /* Project object */;
			proxyType = 1;
			remoteGlobalIDString = 248B096324DE63D6005EA673;
			remoteInfo = NatureRemoAnalytics;
		};
		248B098624DE63DB005EA673 /* PBXContainerItemProxy */ = {
			isa = PBXContainerItemProxy;
			containerPortal = 248B095C24DE63D6005EA673 /* Project object */;
			proxyType = 1;
			remoteGlobalIDString = 248B096324DE63D6005EA673;
			remoteInfo = NatureRemoAnalytics;
		};
		24C22AFD24DEE48A0023744B /* PBXContainerItemProxy */ = {
			isa = PBXContainerItemProxy;
			containerPortal = 248B095C24DE63D6005EA673 /* Project object */;
			proxyType = 1;
			remoteGlobalIDString = 24C22AED24DEE4840023744B;
			remoteInfo = NatureRemoWidgetExtension;
		};
/* End PBXContainerItemProxy section */

/* Begin PBXCopyFilesBuildPhase section */
		2404D83F27046B48006883F8 /* Embed Watch Content */ = {
			isa = PBXCopyFilesBuildPhase;
			buildActionMask = 2147483647;
			dstPath = "$(CONTENTS_FOLDER_PATH)/Watch";
			dstSubfolderSpec = 16;
			files = (
				2404D83E27046B48006883F8 /* NatureRemoAnalyticsForWatch.app in Embed Watch Content */,
			);
			name = "Embed Watch Content";
			runOnlyForDeploymentPostprocessing = 0;
		};
		2404D84227046B48006883F8 /* Embed App Extensions */ = {
			isa = PBXCopyFilesBuildPhase;
			buildActionMask = 2147483647;
			dstPath = "";
			dstSubfolderSpec = 13;
			files = (
				2404D82C27046B46006883F8 /* NatureRemoAnalyticsForWatch Extension.appex in Embed App Extensions */,
			);
			name = "Embed App Extensions";
			runOnlyForDeploymentPostprocessing = 0;
		};
		24C22B0024DEE48A0023744B /* Embed App Extensions */ = {
			isa = PBXCopyFilesBuildPhase;
			buildActionMask = 2147483647;
			dstPath = "";
			dstSubfolderSpec = 13;
			files = (
				24C22AFF24DEE48A0023744B /* NatureRemoWidgetExtension.appex in Embed App Extensions */,
			);
			name = "Embed App Extensions";
			runOnlyForDeploymentPostprocessing = 0;
		};
/* End PBXCopyFilesBuildPhase section */

/* Begin PBXFileReference section */
		2404D82027046B40006883F8 /* NatureRemoAnalyticsForWatch.app */ = {isa = PBXFileReference; explicitFileType = wrapper.application; includeInIndex = 0; path = NatureRemoAnalyticsForWatch.app; sourceTree = BUILT_PRODUCTS_DIR; };
		2404D82327046B40006883F8 /* Base */ = {isa = PBXFileReference; lastKnownFileType = file.storyboard; name = Base; path = Base.lproj/Interface.storyboard; sourceTree = "<group>"; };
		2404D82527046B46006883F8 /* Assets.xcassets */ = {isa = PBXFileReference; lastKnownFileType = folder.assetcatalog; path = Assets.xcassets; sourceTree = "<group>"; };
		2404D82B27046B46006883F8 /* NatureRemoAnalyticsForWatch Extension.appex */ = {isa = PBXFileReference; explicitFileType = "wrapper.app-extension"; includeInIndex = 0; path = "NatureRemoAnalyticsForWatch Extension.appex"; sourceTree = BUILT_PRODUCTS_DIR; };
		2404D83027046B46006883F8 /* InterfaceController.swift */ = {isa = PBXFileReference; lastKnownFileType = sourcecode.swift; path = InterfaceController.swift; sourceTree = "<group>"; };
		2404D83227046B46006883F8 /* ExtensionDelegate.swift */ = {isa = PBXFileReference; lastKnownFileType = sourcecode.swift; path = ExtensionDelegate.swift; sourceTree = "<group>"; };
		2404D83427046B46006883F8 /* NotificationController.swift */ = {isa = PBXFileReference; lastKnownFileType = sourcecode.swift; path = NotificationController.swift; sourceTree = "<group>"; };
		2404D83627046B46006883F8 /* ComplicationController.swift */ = {isa = PBXFileReference; lastKnownFileType = sourcecode.swift; path = ComplicationController.swift; sourceTree = "<group>"; };
		2404D83827046B48006883F8 /* Assets.xcassets */ = {isa = PBXFileReference; lastKnownFileType = folder.assetcatalog; path = Assets.xcassets; sourceTree = "<group>"; };
		2404D83A27046B48006883F8 /* Info.plist */ = {isa = PBXFileReference; lastKnownFileType = text.plist.xml; path = Info.plist; sourceTree = "<group>"; };
		2404D83B27046B48006883F8 /* PushNotificationPayload.apns */ = {isa = PBXFileReference; lastKnownFileType = text; path = PushNotificationPayload.apns; sourceTree = "<group>"; };
		248B096424DE63D6005EA673 /* NatureRemoAnalytics.app */ = {isa = PBXFileReference; explicitFileType = wrapper.application; includeInIndex = 0; path = NatureRemoAnalytics.app; sourceTree = BUILT_PRODUCTS_DIR; };
		248B096724DE63D6005EA673 /* AppDelegate.swift */ = {isa = PBXFileReference; lastKnownFileType = sourcecode.swift; path = AppDelegate.swift; sourceTree = "<group>"; };
		248B096924DE63D6005EA673 /* SceneDelegate.swift */ = {isa = PBXFileReference; lastKnownFileType = sourcecode.swift; path = SceneDelegate.swift; sourceTree = "<group>"; };
		248B096B24DE63D6005EA673 /* ViewController.swift */ = {isa = PBXFileReference; lastKnownFileType = sourcecode.swift; path = ViewController.swift; sourceTree = "<group>"; };
		248B096E24DE63D6005EA673 /* Base */ = {isa = PBXFileReference; lastKnownFileType = file.storyboard; name = Base; path = Base.lproj/Main.storyboard; sourceTree = "<group>"; };
		248B097024DE63DA005EA673 /* Assets.xcassets */ = {isa = PBXFileReference; lastKnownFileType = folder.assetcatalog; path = Assets.xcassets; sourceTree = "<group>"; };
		248B097324DE63DA005EA673 /* Base */ = {isa = PBXFileReference; lastKnownFileType = file.storyboard; name = Base; path = Base.lproj/LaunchScreen.storyboard; sourceTree = "<group>"; };
		248B097524DE63DB005EA673 /* Info.plist */ = {isa = PBXFileReference; lastKnownFileType = text.plist.xml; path = Info.plist; sourceTree = "<group>"; };
		248B097A24DE63DB005EA673 /* NatureRemoAnalyticsTests.xctest */ = {isa = PBXFileReference; explicitFileType = wrapper.cfbundle; includeInIndex = 0; path = NatureRemoAnalyticsTests.xctest; sourceTree = BUILT_PRODUCTS_DIR; };
		248B097E24DE63DB005EA673 /* NatureRemoAnalyticsTests.swift */ = {isa = PBXFileReference; lastKnownFileType = sourcecode.swift; path = NatureRemoAnalyticsTests.swift; sourceTree = "<group>"; };
		248B098024DE63DB005EA673 /* Info.plist */ = {isa = PBXFileReference; lastKnownFileType = text.plist.xml; path = Info.plist; sourceTree = "<group>"; };
		248B098524DE63DB005EA673 /* NatureRemoAnalyticsUITests.xctest */ = {isa = PBXFileReference; explicitFileType = wrapper.cfbundle; includeInIndex = 0; path = NatureRemoAnalyticsUITests.xctest; sourceTree = BUILT_PRODUCTS_DIR; };
		248B098924DE63DB005EA673 /* NatureRemoAnalyticsUITests.swift */ = {isa = PBXFileReference; lastKnownFileType = sourcecode.swift; path = NatureRemoAnalyticsUITests.swift; sourceTree = "<group>"; };
		248B098B24DE63DB005EA673 /* Info.plist */ = {isa = PBXFileReference; lastKnownFileType = text.plist.xml; path = Info.plist; sourceTree = "<group>"; };
		248B099724DE89E0005EA673 /* Response.swift */ = {isa = PBXFileReference; lastKnownFileType = sourcecode.swift; path = Response.swift; sourceTree = "<group>"; };
		249434D628095E1000D1C4D4 /* APIKey.swift */ = {isa = PBXFileReference; lastKnownFileType = sourcecode.swift; path = APIKey.swift; sourceTree = "<group>"; };
		249434D828095E5200D1C4D4 /* Downloader.swift */ = {isa = PBXFileReference; lastKnownFileType = sourcecode.swift; path = Downloader.swift; sourceTree = "<group>"; };
		24C22AEE24DEE4840023744B /* NatureRemoWidgetExtension.appex */ = {isa = PBXFileReference; explicitFileType = "wrapper.app-extension"; includeInIndex = 0; path = NatureRemoWidgetExtension.appex; sourceTree = BUILT_PRODUCTS_DIR; };
		24C22AF024DEE4840023744B /* WidgetKit.framework */ = {isa = PBXFileReference; lastKnownFileType = wrapper.framework; name = WidgetKit.framework; path = System/Library/Frameworks/WidgetKit.framework; sourceTree = SDKROOT; };
		24C22AF224DEE4840023744B /* SwiftUI.framework */ = {isa = PBXFileReference; lastKnownFileType = wrapper.framework; name = SwiftUI.framework; path = System/Library/Frameworks/SwiftUI.framework; sourceTree = SDKROOT; };
		24C22AF524DEE4840023744B /* NatureRemoWidget.swift */ = {isa = PBXFileReference; lastKnownFileType = sourcecode.swift; path = NatureRemoWidget.swift; sourceTree = "<group>"; };
		24C22AF724DEE4840023744B /* NatureRemoWidget.intentdefinition */ = {isa = PBXFileReference; lastKnownFileType = file.intentdefinition; path = NatureRemoWidget.intentdefinition; sourceTree = "<group>"; };
		24C22AF824DEE48A0023744B /* Assets.xcassets */ = {isa = PBXFileReference; lastKnownFileType = folder.assetcatalog; path = Assets.xcassets; sourceTree = "<group>"; };
		24C22AFA24DEE48A0023744B /* Info.plist */ = {isa = PBXFileReference; lastKnownFileType = text.plist.xml; path = Info.plist; sourceTree = "<group>"; };
		24ECCBD22543277000B13143 /* Weather.swift */ = {isa = PBXFileReference; lastKnownFileType = sourcecode.swift; path = Weather.swift; sourceTree = "<group>"; };
/* End PBXFileReference section */

/* Begin PBXFrameworksBuildPhase section */
		2404D82827046B46006883F8 /* Frameworks */ = {
			isa = PBXFrameworksBuildPhase;
			buildActionMask = 2147483647;
			files = (
			);
			runOnlyForDeploymentPostprocessing = 0;
		};
		248B096124DE63D6005EA673 /* Frameworks */ = {
			isa = PBXFrameworksBuildPhase;
			buildActionMask = 2147483647;
			files = (
			);
			runOnlyForDeploymentPostprocessing = 0;
		};
		248B097724DE63DB005EA673 /* Frameworks */ = {
			isa = PBXFrameworksBuildPhase;
			buildActionMask = 2147483647;
			files = (
			);
			runOnlyForDeploymentPostprocessing = 0;
		};
		248B098224DE63DB005EA673 /* Frameworks */ = {
			isa = PBXFrameworksBuildPhase;
			buildActionMask = 2147483647;
			files = (
			);
			runOnlyForDeploymentPostprocessing = 0;
		};
		24C22AEB24DEE4840023744B /* Frameworks */ = {
			isa = PBXFrameworksBuildPhase;
			buildActionMask = 2147483647;
			files = (
				24C22AF324DEE4840023744B /* SwiftUI.framework in Frameworks */,
				24C22AF124DEE4840023744B /* WidgetKit.framework in Frameworks */,
			);
			runOnlyForDeploymentPostprocessing = 0;
		};
/* End PBXFrameworksBuildPhase section */

/* Begin PBXGroup section */
		2404D82127046B40006883F8 /* NatureRemoAnalyticsForWatch */ = {
			isa = PBXGroup;
			children = (
				2404D82227046B40006883F8 /* Interface.storyboard */,
				2404D82527046B46006883F8 /* Assets.xcassets */,
			);
			path = NatureRemoAnalyticsForWatch;
			sourceTree = "<group>";
		};
		2404D82F27046B46006883F8 /* NatureRemoAnalyticsForWatch Extension */ = {
			isa = PBXGroup;
			children = (
				2404D83027046B46006883F8 /* InterfaceController.swift */,
				2404D83227046B46006883F8 /* ExtensionDelegate.swift */,
				2404D83427046B46006883F8 /* NotificationController.swift */,
				2404D83627046B46006883F8 /* ComplicationController.swift */,
				2404D83827046B48006883F8 /* Assets.xcassets */,
				2404D83A27046B48006883F8 /* Info.plist */,
				2404D83B27046B48006883F8 /* PushNotificationPayload.apns */,
			);
			path = "NatureRemoAnalyticsForWatch Extension";
			sourceTree = "<group>";
		};
		248B095B24DE63D6005EA673 = {
			isa = PBXGroup;
			children = (
				248B096624DE63D6005EA673 /* NatureRemoAnalytics */,
				248B097D24DE63DB005EA673 /* NatureRemoAnalyticsTests */,
				248B098824DE63DB005EA673 /* NatureRemoAnalyticsUITests */,
				24C22AF424DEE4840023744B /* NatureRemoWidget */,
				2404D82127046B40006883F8 /* NatureRemoAnalyticsForWatch */,
				2404D82F27046B46006883F8 /* NatureRemoAnalyticsForWatch Extension */,
				24C22AEF24DEE4840023744B /* Frameworks */,
				248B096524DE63D6005EA673 /* Products */,
			);
			sourceTree = "<group>";
		};
		248B096524DE63D6005EA673 /* Products */ = {
			isa = PBXGroup;
			children = (
				248B096424DE63D6005EA673 /* NatureRemoAnalytics.app */,
				248B097A24DE63DB005EA673 /* NatureRemoAnalyticsTests.xctest */,
				248B098524DE63DB005EA673 /* NatureRemoAnalyticsUITests.xctest */,
				24C22AEE24DEE4840023744B /* NatureRemoWidgetExtension.appex */,
				2404D82027046B40006883F8 /* NatureRemoAnalyticsForWatch.app */,
				2404D82B27046B46006883F8 /* NatureRemoAnalyticsForWatch Extension.appex */,
			);
			name = Products;
			sourceTree = "<group>";
		};
		248B096624DE63D6005EA673 /* NatureRemoAnalytics */ = {
			isa = PBXGroup;
			children = (
				248B096724DE63D6005EA673 /* AppDelegate.swift */,
				248B096924DE63D6005EA673 /* SceneDelegate.swift */,
				248B096B24DE63D6005EA673 /* ViewController.swift */,
				248B096D24DE63D6005EA673 /* Main.storyboard */,
				248B097024DE63DA005EA673 /* Assets.xcassets */,
				248B097224DE63DA005EA673 /* LaunchScreen.storyboard */,
				248B097524DE63DB005EA673 /* Info.plist */,
				248B099724DE89E0005EA673 /* Response.swift */,
				24ECCBD22543277000B13143 /* Weather.swift */,
				249434D628095E1000D1C4D4 /* APIKey.swift */,
				249434D828095E5200D1C4D4 /* Downloader.swift */,
			);
			path = NatureRemoAnalytics;
			sourceTree = "<group>";
		};
		248B097D24DE63DB005EA673 /* NatureRemoAnalyticsTests */ = {
			isa = PBXGroup;
			children = (
				248B097E24DE63DB005EA673 /* NatureRemoAnalyticsTests.swift */,
				248B098024DE63DB005EA673 /* Info.plist */,
			);
			path = NatureRemoAnalyticsTests;
			sourceTree = "<group>";
		};
		248B098824DE63DB005EA673 /* NatureRemoAnalyticsUITests */ = {
			isa = PBXGroup;
			children = (
				248B098924DE63DB005EA673 /* NatureRemoAnalyticsUITests.swift */,
				248B098B24DE63DB005EA673 /* Info.plist */,
			);
			path = NatureRemoAnalyticsUITests;
			sourceTree = "<group>";
		};
		24C22AEF24DEE4840023744B /* Frameworks */ = {
			isa = PBXGroup;
			children = (
				24C22AF024DEE4840023744B /* WidgetKit.framework */,
				24C22AF224DEE4840023744B /* SwiftUI.framework */,
			);
			name = Frameworks;
			sourceTree = "<group>";
		};
		24C22AF424DEE4840023744B /* NatureRemoWidget */ = {
			isa = PBXGroup;
			children = (
				24C22AF524DEE4840023744B /* NatureRemoWidget.swift */,
				24C22AF724DEE4840023744B /* NatureRemoWidget.intentdefinition */,
				24C22AF824DEE48A0023744B /* Assets.xcassets */,
				24C22AFA24DEE48A0023744B /* Info.plist */,
			);
			path = NatureRemoWidget;
			sourceTree = "<group>";
		};
/* End PBXGroup section */

/* Begin PBXNativeTarget section */
		2404D81F27046B40006883F8 /* NatureRemoAnalyticsForWatch */ = {
			isa = PBXNativeTarget;
			buildConfigurationList = 2404D84627046B48006883F8 /* Build configuration list for PBXNativeTarget "NatureRemoAnalyticsForWatch" */;
			buildPhases = (
				2404D81E27046B40006883F8 /* Resources */,
				2404D84227046B48006883F8 /* Embed App Extensions */,
			);
			buildRules = (
			);
			dependencies = (
				2404D82E27046B46006883F8 /* PBXTargetDependency */,
			);
			name = NatureRemoAnalyticsForWatch;
			productName = NatureRemoAnalyticsForWatch;
			productReference = 2404D82027046B40006883F8 /* NatureRemoAnalyticsForWatch.app */;
			productType = "com.apple.product-type.application.watchapp2";
		};
		2404D82A27046B46006883F8 /* NatureRemoAnalyticsForWatch Extension */ = {
			isa = PBXNativeTarget;
			buildConfigurationList = 2404D84527046B48006883F8 /* Build configuration list for PBXNativeTarget "NatureRemoAnalyticsForWatch Extension" */;
			buildPhases = (
				2404D82727046B46006883F8 /* Sources */,
				2404D82827046B46006883F8 /* Frameworks */,
				2404D82927046B46006883F8 /* Resources */,
			);
			buildRules = (
			);
			dependencies = (
			);
			name = "NatureRemoAnalyticsForWatch Extension";
			productName = "NatureRemoAnalyticsForWatch Extension";
			productReference = 2404D82B27046B46006883F8 /* NatureRemoAnalyticsForWatch Extension.appex */;
			productType = "com.apple.product-type.watchkit2-extension";
		};
		248B096324DE63D6005EA673 /* NatureRemoAnalytics */ = {
			isa = PBXNativeTarget;
			buildConfigurationList = 248B098E24DE63DB005EA673 /* Build configuration list for PBXNativeTarget "NatureRemoAnalytics" */;
			buildPhases = (
				248B096024DE63D6005EA673 /* Sources */,
				248B096124DE63D6005EA673 /* Frameworks */,
				248B096224DE63D6005EA673 /* Resources */,
				24C22B0024DEE48A0023744B /* Embed App Extensions */,
				2404D83F27046B48006883F8 /* Embed Watch Content */,
			);
			buildRules = (
			);
			dependencies = (
				24C22AFE24DEE48A0023744B /* PBXTargetDependency */,
				2404D83D27046B48006883F8 /* PBXTargetDependency */,
			);
			name = NatureRemoAnalytics;
			productName = NatureRemoAnalytics;
			productReference = 248B096424DE63D6005EA673 /* NatureRemoAnalytics.app */;
			productType = "com.apple.product-type.application";
		};
		248B097924DE63DB005EA673 /* NatureRemoAnalyticsTests */ = {
			isa = PBXNativeTarget;
			buildConfigurationList = 248B099124DE63DB005EA673 /* Build configuration list for PBXNativeTarget "NatureRemoAnalyticsTests" */;
			buildPhases = (
				248B097624DE63DB005EA673 /* Sources */,
				248B097724DE63DB005EA673 /* Frameworks */,
				248B097824DE63DB005EA673 /* Resources */,
			);
			buildRules = (
			);
			dependencies = (
				248B097C24DE63DB005EA673 /* PBXTargetDependency */,
			);
			name = NatureRemoAnalyticsTests;
			productName = NatureRemoAnalyticsTests;
			productReference = 248B097A24DE63DB005EA673 /* NatureRemoAnalyticsTests.xctest */;
			productType = "com.apple.product-type.bundle.unit-test";
		};
		248B098424DE63DB005EA673 /* NatureRemoAnalyticsUITests */ = {
			isa = PBXNativeTarget;
			buildConfigurationList = 248B099424DE63DB005EA673 /* Build configuration list for PBXNativeTarget "NatureRemoAnalyticsUITests" */;
			buildPhases = (
				248B098124DE63DB005EA673 /* Sources */,
				248B098224DE63DB005EA673 /* Frameworks */,
				248B098324DE63DB005EA673 /* Resources */,
			);
			buildRules = (
			);
			dependencies = (
				248B098724DE63DB005EA673 /* PBXTargetDependency */,
			);
			name = NatureRemoAnalyticsUITests;
			productName = NatureRemoAnalyticsUITests;
			productReference = 248B098524DE63DB005EA673 /* NatureRemoAnalyticsUITests.xctest */;
			productType = "com.apple.product-type.bundle.ui-testing";
		};
		24C22AED24DEE4840023744B /* NatureRemoWidgetExtension */ = {
			isa = PBXNativeTarget;
			buildConfigurationList = 24C22B0324DEE48A0023744B /* Build configuration list for PBXNativeTarget "NatureRemoWidgetExtension" */;
			buildPhases = (
				24C22AEA24DEE4840023744B /* Sources */,
				24C22AEB24DEE4840023744B /* Frameworks */,
				24C22AEC24DEE4840023744B /* Resources */,
			);
			buildRules = (
			);
			dependencies = (
			);
			name = NatureRemoWidgetExtension;
			productName = NatureRemoWidgetExtension;
			productReference = 24C22AEE24DEE4840023744B /* NatureRemoWidgetExtension.appex */;
			productType = "com.apple.product-type.app-extension";
		};
/* End PBXNativeTarget section */

/* Begin PBXProject section */
		248B095C24DE63D6005EA673 /* Project object */ = {
			isa = PBXProject;
			attributes = {
				LastSwiftUpdateCheck = 1300;
				LastUpgradeCheck = 1200;
				TargetAttributes = {
					2404D81F27046B40006883F8 = {
						CreatedOnToolsVersion = 13.0;
					};
					2404D82A27046B46006883F8 = {
						CreatedOnToolsVersion = 13.0;
					};
					248B096324DE63D6005EA673 = {
						CreatedOnToolsVersion = 12.0;
					};
					248B097924DE63DB005EA673 = {
						CreatedOnToolsVersion = 12.0;
						TestTargetID = 248B096324DE63D6005EA673;
					};
					248B098424DE63DB005EA673 = {
						CreatedOnToolsVersion = 12.0;
						TestTargetID = 248B096324DE63D6005EA673;
					};
					24C22AED24DEE4840023744B = {
						CreatedOnToolsVersion = 12.0;
					};
				};
			};
			buildConfigurationList = 248B095F24DE63D6005EA673 /* Build configuration list for PBXProject "NatureRemoAnalytics" */;
			compatibilityVersion = "Xcode 9.3";
			developmentRegion = en;
			hasScannedForEncodings = 0;
			knownRegions = (
				en,
				Base,
			);
			mainGroup = 248B095B24DE63D6005EA673;
			productRefGroup = 248B096524DE63D6005EA673 /* Products */;
			projectDirPath = "";
			projectRoot = "";
			targets = (
				248B096324DE63D6005EA673 /* NatureRemoAnalytics */,
				248B097924DE63DB005EA673 /* NatureRemoAnalyticsTests */,
				248B098424DE63DB005EA673 /* NatureRemoAnalyticsUITests */,
				24C22AED24DEE4840023744B /* NatureRemoWidgetExtension */,
				2404D81F27046B40006883F8 /* NatureRemoAnalyticsForWatch */,
				2404D82A27046B46006883F8 /* NatureRemoAnalyticsForWatch Extension */,
			);
		};
/* End PBXProject section */

/* Begin PBXResourcesBuildPhase section */
		2404D81E27046B40006883F8 /* Resources */ = {
			isa = PBXResourcesBuildPhase;
			buildActionMask = 2147483647;
			files = (
				2404D82627046B46006883F8 /* Assets.xcassets in Resources */,
				2404D82427046B40006883F8 /* Interface.storyboard in Resources */,
			);
			runOnlyForDeploymentPostprocessing = 0;
		};
		2404D82927046B46006883F8 /* Resources */ = {
			isa = PBXResourcesBuildPhase;
			buildActionMask = 2147483647;
			files = (
				2404D83927046B48006883F8 /* Assets.xcassets in Resources */,
			);
			runOnlyForDeploymentPostprocessing = 0;
		};
		248B096224DE63D6005EA673 /* Resources */ = {
			isa = PBXResourcesBuildPhase;
			buildActionMask = 2147483647;
			files = (
				248B097424DE63DA005EA673 /* LaunchScreen.storyboard in Resources */,
				248B097124DE63DA005EA673 /* Assets.xcassets in Resources */,
				248B096F24DE63D6005EA673 /* Main.storyboard in Resources */,
			);
			runOnlyForDeploymentPostprocessing = 0;
		};
		248B097824DE63DB005EA673 /* Resources */ = {
			isa = PBXResourcesBuildPhase;
			buildActionMask = 2147483647;
			files = (
			);
			runOnlyForDeploymentPostprocessing = 0;
		};
		248B098324DE63DB005EA673 /* Resources */ = {
			isa = PBXResourcesBuildPhase;
			buildActionMask = 2147483647;
			files = (
			);
			runOnlyForDeploymentPostprocessing = 0;
		};
		24C22AEC24DEE4840023744B /* Resources */ = {
			isa = PBXResourcesBuildPhase;
			buildActionMask = 2147483647;
			files = (
				24C22AF924DEE48A0023744B /* Assets.xcassets in Resources */,
			);
			runOnlyForDeploymentPostprocessing = 0;
		};
/* End PBXResourcesBuildPhase section */

/* Begin PBXSourcesBuildPhase section */
		2404D82727046B46006883F8 /* Sources */ = {
			isa = PBXSourcesBuildPhase;
			buildActionMask = 2147483647;
			files = (
				2404D83527046B46006883F8 /* NotificationController.swift in Sources */,
				2404D83727046B46006883F8 /* ComplicationController.swift in Sources */,
				2404D83327046B46006883F8 /* ExtensionDelegate.swift in Sources */,
				2404D83127046B46006883F8 /* InterfaceController.swift in Sources */,
			);
			runOnlyForDeploymentPostprocessing = 0;
		};
		248B096024DE63D6005EA673 /* Sources */ = {
			isa = PBXSourcesBuildPhase;
			buildActionMask = 2147483647;
			files = (
				24C22AFC24DEE48A0023744B /* NatureRemoWidget.intentdefinition in Sources */,
				249434D728095E1000D1C4D4 /* APIKey.swift in Sources */,
				249434D928095E5200D1C4D4 /* Downloader.swift in Sources */,
				248B099824DE89E0005EA673 /* Response.swift in Sources */,
				248B096C24DE63D6005EA673 /* ViewController.swift in Sources */,
				248B096824DE63D6005EA673 /* AppDelegate.swift in Sources */,
				24ECCBD32543277000B13143 /* Weather.swift in Sources */,
				248B096A24DE63D6005EA673 /* SceneDelegate.swift in Sources */,
			);
			runOnlyForDeploymentPostprocessing = 0;
		};
		248B097624DE63DB005EA673 /* Sources */ = {
			isa = PBXSourcesBuildPhase;
			buildActionMask = 2147483647;
			files = (
				248B097F24DE63DB005EA673 /* NatureRemoAnalyticsTests.swift in Sources */,
			);
			runOnlyForDeploymentPostprocessing = 0;
		};
		248B098124DE63DB005EA673 /* Sources */ = {
			isa = PBXSourcesBuildPhase;
			buildActionMask = 2147483647;
			files = (
				248B098A24DE63DB005EA673 /* NatureRemoAnalyticsUITests.swift in Sources */,
			);
			runOnlyForDeploymentPostprocessing = 0;
		};
		24C22AEA24DEE4840023744B /* Sources */ = {
			isa = PBXSourcesBuildPhase;
			buildActionMask = 2147483647;
			files = (
				24C22AFB24DEE48A0023744B /* NatureRemoWidget.intentdefinition in Sources */,
				24C22AF624DEE4840023744B /* NatureRemoWidget.swift in Sources */,
			);
			runOnlyForDeploymentPostprocessing = 0;
		};
/* End PBXSourcesBuildPhase section */

/* Begin PBXTargetDependency section */
		2404D82E27046B46006883F8 /* PBXTargetDependency */ = {
			isa = PBXTargetDependency;
			target = 2404D82A27046B46006883F8 /* NatureRemoAnalyticsForWatch Extension */;
			targetProxy = 2404D82D27046B46006883F8 /* PBXContainerItemProxy */;
		};
		2404D83D27046B48006883F8 /* PBXTargetDependency */ = {
			isa = PBXTargetDependency;
			target = 2404D81F27046B40006883F8 /* NatureRemoAnalyticsForWatch */;
			targetProxy = 2404D83C27046B48006883F8 /* PBXContainerItemProxy */;
		};
		248B097C24DE63DB005EA673 /* PBXTargetDependency */ = {
			isa = PBXTargetDependency;
			target = 248B096324DE63D6005EA673 /* NatureRemoAnalytics */;
			targetProxy = 248B097B24DE63DB005EA673 /* PBXContainerItemProxy */;
		};
		248B098724DE63DB005EA673 /* PBXTargetDependency */ = {
			isa = PBXTargetDependency;
			target = 248B096324DE63D6005EA673 /* NatureRemoAnalytics */;
			targetProxy = 248B098624DE63DB005EA673 /* PBXContainerItemProxy */;
		};
		24C22AFE24DEE48A0023744B /* PBXTargetDependency */ = {
			isa = PBXTargetDependency;
			target = 24C22AED24DEE4840023744B /* NatureRemoWidgetExtension */;
			targetProxy = 24C22AFD24DEE48A0023744B /* PBXContainerItemProxy */;
		};
/* End PBXTargetDependency section */

/* Begin PBXVariantGroup section */
		2404D82227046B40006883F8 /* Interface.storyboard */ = {
			isa = PBXVariantGroup;
			children = (
				2404D82327046B40006883F8 /* Base */,
			);
			name = Interface.storyboard;
			sourceTree = "<group>";
		};
		248B096D24DE63D6005EA673 /* Main.storyboard */ = {
			isa = PBXVariantGroup;
			children = (
				248B096E24DE63D6005EA673 /* Base */,
			);
			name = Main.storyboard;
			sourceTree = "<group>";
		};
		248B097224DE63DA005EA673 /* LaunchScreen.storyboard */ = {
			isa = PBXVariantGroup;
			children = (
				248B097324DE63DA005EA673 /* Base */,
			);
			name = LaunchScreen.storyboard;
			sourceTree = "<group>";
		};
/* End PBXVariantGroup section */

/* Begin XCBuildConfiguration section */
		2404D84027046B48006883F8 /* Debug */ = {
			isa = XCBuildConfiguration;
			buildSettings = {
				ALWAYS_EMBED_SWIFT_STANDARD_LIBRARIES = YES;
				ASSETCATALOG_COMPILER_APPICON_NAME = AppIcon;
				ASSETCATALOG_COMPILER_GLOBAL_ACCENT_COLOR_NAME = AccentColor;
				CODE_SIGN_STYLE = Automatic;
				CURRENT_PROJECT_VERSION = 1;
				DEVELOPMENT_TEAM = 39WWX2FY3V;
				GENERATE_INFOPLIST_FILE = YES;
				IBSC_MODULE = NatureRemoAnalyticsForWatch_Extension;
				INFOPLIST_KEY_CFBundleDisplayName = NatureRemoAnalyticsForWatch;
				INFOPLIST_KEY_UISupportedInterfaceOrientations = "UIInterfaceOrientationPortrait UIInterfaceOrientationPortraitUpsideDown";
				INFOPLIST_KEY_WKCompanionAppBundleIdentifier = saitoh0526.k.NatureRemoAnalytics;
				MARKETING_VERSION = 1.0;
				PRODUCT_BUNDLE_IDENTIFIER = saitoh0526.k.NatureRemoAnalytics.watchkitapp;
				PRODUCT_NAME = "$(TARGET_NAME)";
				SDKROOT = watchos;
				SKIP_INSTALL = YES;
				SWIFT_EMIT_LOC_STRINGS = YES;
				SWIFT_VERSION = 5.0;
				TARGETED_DEVICE_FAMILY = 4;
				WATCHOS_DEPLOYMENT_TARGET = 8.0;
			};
			name = Debug;
		};
		2404D84127046B48006883F8 /* Release */ = {
			isa = XCBuildConfiguration;
			buildSettings = {
				ALWAYS_EMBED_SWIFT_STANDARD_LIBRARIES = YES;
				ASSETCATALOG_COMPILER_APPICON_NAME = AppIcon;
				ASSETCATALOG_COMPILER_GLOBAL_ACCENT_COLOR_NAME = AccentColor;
				CODE_SIGN_STYLE = Automatic;
				CURRENT_PROJECT_VERSION = 1;
				DEVELOPMENT_TEAM = 39WWX2FY3V;
				GENERATE_INFOPLIST_FILE = YES;
				IBSC_MODULE = NatureRemoAnalyticsForWatch_Extension;
				INFOPLIST_KEY_CFBundleDisplayName = NatureRemoAnalyticsForWatch;
				INFOPLIST_KEY_UISupportedInterfaceOrientations = "UIInterfaceOrientationPortrait UIInterfaceOrientationPortraitUpsideDown";
				INFOPLIST_KEY_WKCompanionAppBundleIdentifier = saitoh0526.k.NatureRemoAnalytics;
				MARKETING_VERSION = 1.0;
				PRODUCT_BUNDLE_IDENTIFIER = saitoh0526.k.NatureRemoAnalytics.watchkitapp;
				PRODUCT_NAME = "$(TARGET_NAME)";
				SDKROOT = watchos;
				SKIP_INSTALL = YES;
				SWIFT_EMIT_LOC_STRINGS = YES;
				SWIFT_VERSION = 5.0;
				TARGETED_DEVICE_FAMILY = 4;
				WATCHOS_DEPLOYMENT_TARGET = 8.0;
			};
			name = Release;
		};
		2404D84327046B48006883F8 /* Debug */ = {
			isa = XCBuildConfiguration;
			buildSettings = {
				ASSETCATALOG_COMPILER_COMPLICATION_NAME = Complication;
				CODE_SIGN_STYLE = Automatic;
				CURRENT_PROJECT_VERSION = 1;
				DEVELOPMENT_TEAM = 39WWX2FY3V;
				GENERATE_INFOPLIST_FILE = YES;
				INFOPLIST_FILE = "NatureRemoAnalyticsForWatch Extension/Info.plist";
				INFOPLIST_KEY_CFBundleDisplayName = "NatureRemoAnalyticsForWatch Extension";
				INFOPLIST_KEY_CLKComplicationPrincipalClass = "$(PRODUCT_MODULE_NAME).ComplicationController";
				INFOPLIST_KEY_NSHumanReadableCopyright = "";
				INFOPLIST_KEY_WKExtensionDelegateClassName = "$(PRODUCT_MODULE_NAME).ExtensionDelegate";
				LD_RUNPATH_SEARCH_PATHS = (
					"$(inherited)",
					"@executable_path/Frameworks",
					"@executable_path/../../Frameworks",
				);
				MARKETING_VERSION = 1.0;
				PRODUCT_BUNDLE_IDENTIFIER = saitoh0526.k.NatureRemoAnalytics.watchkitapp.watchkitextension;
				PRODUCT_NAME = "${TARGET_NAME}";
				SDKROOT = watchos;
				SKIP_INSTALL = YES;
				SWIFT_EMIT_LOC_STRINGS = YES;
				SWIFT_VERSION = 5.0;
				TARGETED_DEVICE_FAMILY = 4;
				WATCHOS_DEPLOYMENT_TARGET = 8.0;
			};
			name = Debug;
		};
		2404D84427046B48006883F8 /* Release */ = {
			isa = XCBuildConfiguration;
			buildSettings = {
				ASSETCATALOG_COMPILER_COMPLICATION_NAME = Complication;
				CODE_SIGN_STYLE = Automatic;
				CURRENT_PROJECT_VERSION = 1;
				DEVELOPMENT_TEAM = 39WWX2FY3V;
				GENERATE_INFOPLIST_FILE = YES;
				INFOPLIST_FILE = "NatureRemoAnalyticsForWatch Extension/Info.plist";
				INFOPLIST_KEY_CFBundleDisplayName = "NatureRemoAnalyticsForWatch Extension";
				INFOPLIST_KEY_CLKComplicationPrincipalClass = "$(PRODUCT_MODULE_NAME).ComplicationController";
				INFOPLIST_KEY_NSHumanReadableCopyright = "";
				INFOPLIST_KEY_WKExtensionDelegateClassName = "$(PRODUCT_MODULE_NAME).ExtensionDelegate";
				LD_RUNPATH_SEARCH_PATHS = (
					"$(inherited)",
					"@executable_path/Frameworks",
					"@executable_path/../../Frameworks",
				);
				MARKETING_VERSION = 1.0;
				PRODUCT_BUNDLE_IDENTIFIER = saitoh0526.k.NatureRemoAnalytics.watchkitapp.watchkitextension;
				PRODUCT_NAME = "${TARGET_NAME}";
				SDKROOT = watchos;
				SKIP_INSTALL = YES;
				SWIFT_EMIT_LOC_STRINGS = YES;
				SWIFT_VERSION = 5.0;
				TARGETED_DEVICE_FAMILY = 4;
				WATCHOS_DEPLOYMENT_TARGET = 8.0;
			};
			name = Release;
		};
		248B098C24DE63DB005EA673 /* Debug */ = {
			isa = XCBuildConfiguration;
			buildSettings = {
				ALWAYS_SEARCH_USER_PATHS = NO;
				CLANG_ANALYZER_NONNULL = YES;
				CLANG_ANALYZER_NUMBER_OBJECT_CONVERSION = YES_AGGRESSIVE;
				CLANG_CXX_LANGUAGE_STANDARD = "gnu++14";
				CLANG_CXX_LIBRARY = "libc++";
				CLANG_ENABLE_MODULES = YES;
				CLANG_ENABLE_OBJC_ARC = YES;
				CLANG_ENABLE_OBJC_WEAK = YES;
				CLANG_WARN_BLOCK_CAPTURE_AUTORELEASING = YES;
				CLANG_WARN_BOOL_CONVERSION = YES;
				CLANG_WARN_COMMA = YES;
				CLANG_WARN_CONSTANT_CONVERSION = YES;
				CLANG_WARN_DEPRECATED_OBJC_IMPLEMENTATIONS = YES;
				CLANG_WARN_DIRECT_OBJC_ISA_USAGE = YES_ERROR;
				CLANG_WARN_DOCUMENTATION_COMMENTS = YES;
				CLANG_WARN_EMPTY_BODY = YES;
				CLANG_WARN_ENUM_CONVERSION = YES;
				CLANG_WARN_INFINITE_RECURSION = YES;
				CLANG_WARN_INT_CONVERSION = YES;
				CLANG_WARN_NON_LITERAL_NULL_CONVERSION = YES;
				CLANG_WARN_OBJC_IMPLICIT_RETAIN_SELF = YES;
				CLANG_WARN_OBJC_LITERAL_CONVERSION = YES;
				CLANG_WARN_OBJC_ROOT_CLASS = YES_ERROR;
				CLANG_WARN_QUOTED_INCLUDE_IN_FRAMEWORK_HEADER = YES;
				CLANG_WARN_RANGE_LOOP_ANALYSIS = YES;
				CLANG_WARN_STRICT_PROTOTYPES = YES;
				CLANG_WARN_SUSPICIOUS_MOVE = YES;
				CLANG_WARN_UNGUARDED_AVAILABILITY = YES_AGGRESSIVE;
				CLANG_WARN_UNREACHABLE_CODE = YES;
				CLANG_WARN__DUPLICATE_METHOD_MATCH = YES;
				COPY_PHASE_STRIP = NO;
				DEBUG_INFORMATION_FORMAT = dwarf;
				ENABLE_STRICT_OBJC_MSGSEND = YES;
				ENABLE_TESTABILITY = YES;
				GCC_C_LANGUAGE_STANDARD = gnu11;
				GCC_DYNAMIC_NO_PIC = NO;
				GCC_NO_COMMON_BLOCKS = YES;
				GCC_OPTIMIZATION_LEVEL = 0;
				GCC_PREPROCESSOR_DEFINITIONS = (
					"DEBUG=1",
					"$(inherited)",
				);
				GCC_WARN_64_TO_32_BIT_CONVERSION = YES;
				GCC_WARN_ABOUT_RETURN_TYPE = YES_ERROR;
				GCC_WARN_UNDECLARED_SELECTOR = YES;
				GCC_WARN_UNINITIALIZED_AUTOS = YES_AGGRESSIVE;
				GCC_WARN_UNUSED_FUNCTION = YES;
				GCC_WARN_UNUSED_VARIABLE = YES;
				IPHONEOS_DEPLOYMENT_TARGET = 14.0;
				MTL_ENABLE_DEBUG_INFO = INCLUDE_SOURCE;
				MTL_FAST_MATH = YES;
				ONLY_ACTIVE_ARCH = YES;
				SDKROOT = iphoneos;
				SWIFT_ACTIVE_COMPILATION_CONDITIONS = DEBUG;
				SWIFT_OPTIMIZATION_LEVEL = "-Onone";
			};
			name = Debug;
		};
		248B098D24DE63DB005EA673 /* Release */ = {
			isa = XCBuildConfiguration;
			buildSettings = {
				ALWAYS_SEARCH_USER_PATHS = NO;
				CLANG_ANALYZER_NONNULL = YES;
				CLANG_ANALYZER_NUMBER_OBJECT_CONVERSION = YES_AGGRESSIVE;
				CLANG_CXX_LANGUAGE_STANDARD = "gnu++14";
				CLANG_CXX_LIBRARY = "libc++";
				CLANG_ENABLE_MODULES = YES;
				CLANG_ENABLE_OBJC_ARC = YES;
				CLANG_ENABLE_OBJC_WEAK = YES;
				CLANG_WARN_BLOCK_CAPTURE_AUTORELEASING = YES;
				CLANG_WARN_BOOL_CONVERSION = YES;
				CLANG_WARN_COMMA = YES;
				CLANG_WARN_CONSTANT_CONVERSION = YES;
				CLANG_WARN_DEPRECATED_OBJC_IMPLEMENTATIONS = YES;
				CLANG_WARN_DIRECT_OBJC_ISA_USAGE = YES_ERROR;
				CLANG_WARN_DOCUMENTATION_COMMENTS = YES;
				CLANG_WARN_EMPTY_BODY = YES;
				CLANG_WARN_ENUM_CONVERSION = YES;
				CLANG_WARN_INFINITE_RECURSION = YES;
				CLANG_WARN_INT_CONVERSION = YES;
				CLANG_WARN_NON_LITERAL_NULL_CONVERSION = YES;
				CLANG_WARN_OBJC_IMPLICIT_RETAIN_SELF = YES;
				CLANG_WARN_OBJC_LITERAL_CONVERSION = YES;
				CLANG_WARN_OBJC_ROOT_CLASS = YES_ERROR;
				CLANG_WARN_QUOTED_INCLUDE_IN_FRAMEWORK_HEADER = YES;
				CLANG_WARN_RANGE_LOOP_ANALYSIS = YES;
				CLANG_WARN_STRICT_PROTOTYPES = YES;
				CLANG_WARN_SUSPICIOUS_MOVE = YES;
				CLANG_WARN_UNGUARDED_AVAILABILITY = YES_AGGRESSIVE;
				CLANG_WARN_UNREACHABLE_CODE = YES;
				CLANG_WARN__DUPLICATE_METHOD_MATCH = YES;
				COPY_PHASE_STRIP = NO;
				DEBUG_INFORMATION_FORMAT = "dwarf-with-dsym";
				ENABLE_NS_ASSERTIONS = NO;
				ENABLE_STRICT_OBJC_MSGSEND = YES;
				GCC_C_LANGUAGE_STANDARD = gnu11;
				GCC_NO_COMMON_BLOCKS = YES;
				GCC_WARN_64_TO_32_BIT_CONVERSION = YES;
				GCC_WARN_ABOUT_RETURN_TYPE = YES_ERROR;
				GCC_WARN_UNDECLARED_SELECTOR = YES;
				GCC_WARN_UNINITIALIZED_AUTOS = YES_AGGRESSIVE;
				GCC_WARN_UNUSED_FUNCTION = YES;
				GCC_WARN_UNUSED_VARIABLE = YES;
				IPHONEOS_DEPLOYMENT_TARGET = 14.0;
				MTL_ENABLE_DEBUG_INFO = NO;
				MTL_FAST_MATH = YES;
				SDKROOT = iphoneos;
				SWIFT_COMPILATION_MODE = wholemodule;
				SWIFT_OPTIMIZATION_LEVEL = "-O";
				VALIDATE_PRODUCT = YES;
			};
			name = Release;
		};
		248B098F24DE63DB005EA673 /* Debug */ = {
			isa = XCBuildConfiguration;
			buildSettings = {
				ALWAYS_EMBED_SWIFT_STANDARD_LIBRARIES = YES;
				ASSETCATALOG_COMPILER_APPICON_NAME = AppIcon;
				ASSETCATALOG_COMPILER_GLOBAL_ACCENT_COLOR_NAME = AccentColor;
				CODE_SIGN_STYLE = Automatic;
				DEVELOPMENT_TEAM = 39WWX2FY3V;
				INFOPLIST_FILE = NatureRemoAnalytics/Info.plist;
				LD_RUNPATH_SEARCH_PATHS = (
					"$(inherited)",
					"@executable_path/Frameworks",
				);
				PRODUCT_BUNDLE_IDENTIFIER = saitoh0526.k.NatureRemoAnalytics;
				PRODUCT_NAME = "$(TARGET_NAME)";
				SWIFT_VERSION = 5.0;
				TARGETED_DEVICE_FAMILY = "1,2";
			};
			name = Debug;
		};
		248B099024DE63DB005EA673 /* Release */ = {
			isa = XCBuildConfiguration;
			buildSettings = {
				ALWAYS_EMBED_SWIFT_STANDARD_LIBRARIES = YES;
				ASSETCATALOG_COMPILER_APPICON_NAME = AppIcon;
				ASSETCATALOG_COMPILER_GLOBAL_ACCENT_COLOR_NAME = AccentColor;
				CODE_SIGN_STYLE = Automatic;
				DEVELOPMENT_TEAM = 39WWX2FY3V;
				INFOPLIST_FILE = NatureRemoAnalytics/Info.plist;
				LD_RUNPATH_SEARCH_PATHS = (
					"$(inherited)",
					"@executable_path/Frameworks",
				);
				PRODUCT_BUNDLE_IDENTIFIER = saitoh0526.k.NatureRemoAnalytics;
				PRODUCT_NAME = "$(TARGET_NAME)";
				SWIFT_VERSION = 5.0;
				TARGETED_DEVICE_FAMILY = "1,2";
			};
			name = Release;
		};
		248B099224DE63DB005EA673 /* Debug */ = {
			isa = XCBuildConfiguration;
			buildSettings = {
				ALWAYS_EMBED_SWIFT_STANDARD_LIBRARIES = YES;
				BUNDLE_LOADER = "$(TEST_HOST)";
				CODE_SIGN_STYLE = Automatic;
				DEVELOPMENT_TEAM = 39WWX2FY3V;
				INFOPLIST_FILE = NatureRemoAnalyticsTests/Info.plist;
				IPHONEOS_DEPLOYMENT_TARGET = 14.0;
				LD_RUNPATH_SEARCH_PATHS = (
					"$(inherited)",
					"@executable_path/Frameworks",
					"@loader_path/Frameworks",
				);
				PRODUCT_BUNDLE_IDENTIFIER = saitoh0526.k.NatureRemoAnalyticsTests;
				PRODUCT_NAME = "$(TARGET_NAME)";
				SWIFT_VERSION = 5.0;
				TARGETED_DEVICE_FAMILY = "1,2";
				TEST_HOST = "$(BUILT_PRODUCTS_DIR)/NatureRemoAnalytics.app/NatureRemoAnalytics";
			};
			name = Debug;
		};
		248B099324DE63DB005EA673 /* Release */ = {
			isa = XCBuildConfiguration;
			buildSettings = {
				ALWAYS_EMBED_SWIFT_STANDARD_LIBRARIES = YES;
				BUNDLE_LOADER = "$(TEST_HOST)";
				CODE_SIGN_STYLE = Automatic;
				DEVELOPMENT_TEAM = 39WWX2FY3V;
				INFOPLIST_FILE = NatureRemoAnalyticsTests/Info.plist;
				IPHONEOS_DEPLOYMENT_TARGET = 14.0;
				LD_RUNPATH_SEARCH_PATHS = (
					"$(inherited)",
					"@executable_path/Frameworks",
					"@loader_path/Frameworks",
				);
				PRODUCT_BUNDLE_IDENTIFIER = saitoh0526.k.NatureRemoAnalyticsTests;
				PRODUCT_NAME = "$(TARGET_NAME)";
				SWIFT_VERSION = 5.0;
				TARGETED_DEVICE_FAMILY = "1,2";
				TEST_HOST = "$(BUILT_PRODUCTS_DIR)/NatureRemoAnalytics.app/NatureRemoAnalytics";
			};
			name = Release;
		};
		248B099524DE63DB005EA673 /* Debug */ = {
			isa = XCBuildConfiguration;
			buildSettings = {
				ALWAYS_EMBED_SWIFT_STANDARD_LIBRARIES = YES;
				CODE_SIGN_STYLE = Automatic;
				DEVELOPMENT_TEAM = 39WWX2FY3V;
				INFOPLIST_FILE = NatureRemoAnalyticsUITests/Info.plist;
				LD_RUNPATH_SEARCH_PATHS = (
					"$(inherited)",
					"@executable_path/Frameworks",
					"@loader_path/Frameworks",
				);
				PRODUCT_BUNDLE_IDENTIFIER = saitoh0526.k.NatureRemoAnalyticsUITests;
				PRODUCT_NAME = "$(TARGET_NAME)";
				SWIFT_VERSION = 5.0;
				TARGETED_DEVICE_FAMILY = "1,2";
				TEST_TARGET_NAME = NatureRemoAnalytics;
			};
			name = Debug;
		};
		248B099624DE63DB005EA673 /* Release */ = {
			isa = XCBuildConfiguration;
			buildSettings = {
				ALWAYS_EMBED_SWIFT_STANDARD_LIBRARIES = YES;
				CODE_SIGN_STYLE = Automatic;
				DEVELOPMENT_TEAM = 39WWX2FY3V;
				INFOPLIST_FILE = NatureRemoAnalyticsUITests/Info.plist;
				LD_RUNPATH_SEARCH_PATHS = (
					"$(inherited)",
					"@executable_path/Frameworks",
					"@loader_path/Frameworks",
				);
				PRODUCT_BUNDLE_IDENTIFIER = saitoh0526.k.NatureRemoAnalyticsUITests;
				PRODUCT_NAME = "$(TARGET_NAME)";
				SWIFT_VERSION = 5.0;
				TARGETED_DEVICE_FAMILY = "1,2";
				TEST_TARGET_NAME = NatureRemoAnalytics;
			};
			name = Release;
		};
		24C22B0124DEE48A0023744B /* Debug */ = {
			isa = XCBuildConfiguration;
			buildSettings = {
				ASSETCATALOG_COMPILER_GLOBAL_ACCENT_COLOR_NAME = AccentColor;
				ASSETCATALOG_COMPILER_WIDGET_BACKGROUND_COLOR_NAME = WidgetBackground;
				CODE_SIGN_STYLE = Automatic;
				DEVELOPMENT_TEAM = 39WWX2FY3V;
				INFOPLIST_FILE = NatureRemoWidget/Info.plist;
				LD_RUNPATH_SEARCH_PATHS = (
					"$(inherited)",
					"@executable_path/Frameworks",
					"@executable_path/../../Frameworks",
				);
				PRODUCT_BUNDLE_IDENTIFIER = saitoh0526.k.NatureRemoAnalytics.NatureRemoWidget;
				PRODUCT_NAME = "$(TARGET_NAME)";
				SKIP_INSTALL = YES;
				SWIFT_VERSION = 5.0;
				TARGETED_DEVICE_FAMILY = "1,2";
			};
			name = Debug;
		};
		24C22B0224DEE48A0023744B /* Release */ = {
			isa = XCBuildConfiguration;
			buildSettings = {
				ASSETCATALOG_COMPILER_GLOBAL_ACCENT_COLOR_NAME = AccentColor;
				ASSETCATALOG_COMPILER_WIDGET_BACKGROUND_COLOR_NAME = WidgetBackground;
				CODE_SIGN_STYLE = Automatic;
				DEVELOPMENT_TEAM = 39WWX2FY3V;
				INFOPLIST_FILE = NatureRemoWidget/Info.plist;
				LD_RUNPATH_SEARCH_PATHS = (
					"$(inherited)",
					"@executable_path/Frameworks",
					"@executable_path/../../Frameworks",
				);
				PRODUCT_BUNDLE_IDENTIFIER = saitoh0526.k.NatureRemoAnalytics.NatureRemoWidget;
				PRODUCT_NAME = "$(TARGET_NAME)";
				SKIP_INSTALL = YES;
				SWIFT_VERSION = 5.0;
				TARGETED_DEVICE_FAMILY = "1,2";
			};
			name = Release;
		};
/* End XCBuildConfiguration section */

/* Begin XCConfigurationList section */
		2404D84527046B48006883F8 /* Build configuration list for PBXNativeTarget "NatureRemoAnalyticsForWatch Extension" */ = {
			isa = XCConfigurationList;
			buildConfigurations = (
				2404D84327046B48006883F8 /* Debug */,
				2404D84427046B48006883F8 /* Release */,
			);
			defaultConfigurationIsVisible = 0;
			defaultConfigurationName = Release;
		};
		2404D84627046B48006883F8 /* Build configuration list for PBXNativeTarget "NatureRemoAnalyticsForWatch" */ = {
			isa = XCConfigurationList;
			buildConfigurations = (
				2404D84027046B48006883F8 /* Debug */,
				2404D84127046B48006883F8 /* Release */,
			);
			defaultConfigurationIsVisible = 0;
			defaultConfigurationName = Release;
		};
		248B095F24DE63D6005EA673 /* Build configuration list for PBXProject "NatureRemoAnalytics" */ = {
			isa = XCConfigurationList;
			buildConfigurations = (
				248B098C24DE63DB005EA673 /* Debug */,
				248B098D24DE63DB005EA673 /* Release */,
			);
			defaultConfigurationIsVisible = 0;
			defaultConfigurationName = Release;
		};
		248B098E24DE63DB005EA673 /* Build configuration list for PBXNativeTarget "NatureRemoAnalytics" */ = {
			isa = XCConfigurationList;
			buildConfigurations = (
				248B098F24DE63DB005EA673 /* Debug */,
				248B099024DE63DB005EA673 /* Release */,
			);
			defaultConfigurationIsVisible = 0;
			defaultConfigurationName = Release;
		};
		248B099124DE63DB005EA673 /* Build configuration list for PBXNativeTarget "NatureRemoAnalyticsTests" */ = {
			isa = XCConfigurationList;
			buildConfigurations = (
				248B099224DE63DB005EA673 /* Debug */,
				248B099324DE63DB005EA673 /* Release */,
			);
			defaultConfigurationIsVisible = 0;
			defaultConfigurationName = Release;
		};
		248B099424DE63DB005EA673 /* Build configuration list for PBXNativeTarget "NatureRemoAnalyticsUITests" */ = {
			isa = XCConfigurationList;
			buildConfigurations = (
				248B099524DE63DB005EA673 /* Debug */,
				248B099624DE63DB005EA673 /* Release */,
			);
			defaultConfigurationIsVisible = 0;
			defaultConfigurationName = Release;
		};
		24C22B0324DEE48A0023744B /* Build configuration list for PBXNativeTarget "NatureRemoWidgetExtension" */ = {
			isa = XCConfigurationList;
			buildConfigurations = (
				24C22B0124DEE48A0023744B /* Debug */,
				24C22B0224DEE48A0023744B /* Release */,
			);
			defaultConfigurationIsVisible = 0;
			defaultConfigurationName = Release;
		};
/* End XCConfigurationList section */
	};
	rootObject = 248B095C24DE63D6005EA673 /* Project object */;
}
